// !$*UTF8*$!
{
	archiveVersion = 1;
	classes = {
	};
	objectVersion = 50;
	objects = {

/* Begin PBXBuildFile section */
		8E343BA0240DD8E1007A51A4 /* SecondViewController.swift in Sources */ = {isa = PBXBuildFile; fileRef = 8E343B9F240DD8E1007A51A4 /* SecondViewController.swift */; };
		8E343BA7240DEB3A007A51A4 /* gorilla.png in Resources */ = {isa = PBXBuildFile; fileRef = 8E343BA2240DEB3A007A51A4 /* gorilla.png */; };
		8E343BA8240DEB3A007A51A4 /* lion.png in Resources */ = {isa = PBXBuildFile; fileRef = 8E343BA3240DEB3A007A51A4 /* lion.png */; };
		8E343BA9240DEB3A007A51A4 /* elephant.png in Resources */ = {isa = PBXBuildFile; fileRef = 8E343BA4240DEB3A007A51A4 /* elephant.png */; };
		8E343BAA240DEB3A007A51A4 /* home.png in Resources */ = {isa = PBXBuildFile; fileRef = 8E343BA5240DEB3A007A51A4 /* home.png */; };
		8E343BAB240DEB3A007A51A4 /* ice cream.png in Resources */ = {isa = PBXBuildFile; fileRef = 8E343BA6240DEB3A007A51A4 /* ice cream.png */; };
		8E451D45240DCAF700AD278D /* GoogleService-Info.plist in Resources */ = {isa = PBXBuildFile; fileRef = 8E451D44240DCAF700AD278D /* GoogleService-Info.plist */; };
		8E89CDDE2409D6FE00116994 /* AppDelegate.swift in Sources */ = {isa = PBXBuildFile; fileRef = 8E89CDDD2409D6FE00116994 /* AppDelegate.swift */; };
		8E89CDE02409D6FE00116994 /* SceneDelegate.swift in Sources */ = {isa = PBXBuildFile; fileRef = 8E89CDDF2409D6FE00116994 /* SceneDelegate.swift */; };
		8E89CDE22409D6FE00116994 /* IntialViewController.swift in Sources */ = {isa = PBXBuildFile; fileRef = 8E89CDE12409D6FE00116994 /* IntialViewController.swift */; };
		8E89CDE52409D6FE00116994 /* Main.storyboard in Resources */ = {isa = PBXBuildFile; fileRef = 8E89CDE32409D6FE00116994 /* Main.storyboard */; };
		8E89CDE72409D6FF00116994 /* Assets.xcassets in Resources */ = {isa = PBXBuildFile; fileRef = 8E89CDE62409D6FF00116994 /* Assets.xcassets */; };
		8E89CDEA2409D6FF00116994 /* LaunchScreen.storyboard in Resources */ = {isa = PBXBuildFile; fileRef = 8E89CDE82409D6FF00116994 /* LaunchScreen.storyboard */; };
		BC50BAF3D8C7114AB5DE9BA4 /* libPods-iOSDay1.a in Frameworks */ = {isa = PBXBuildFile; fileRef = 2D8D9F30413B37F487AC842F /* libPods-iOSDay1.a */; };
/* End PBXBuildFile section */

/* Begin PBXFileReference section */
		1D202026B8CE2346CF9F0FCE /* Pods-iOSDay1.release.xcconfig */ = {isa = PBXFileReference; includeInIndex = 1; lastKnownFileType = text.xcconfig; name = "Pods-iOSDay1.release.xcconfig"; path = "Target Support Files/Pods-iOSDay1/Pods-iOSDay1.release.xcconfig"; sourceTree = "<group>"; };
		2D8D9F30413B37F487AC842F /* libPods-iOSDay1.a */ = {isa = PBXFileReference; explicitFileType = archive.ar; includeInIndex = 0; path = "libPods-iOSDay1.a"; sourceTree = BUILT_PRODUCTS_DIR; };
		86B79A43E6309683855DAB16 /* Pods-iOSDay1.debug.xcconfig */ = {isa = PBXFileReference; includeInIndex = 1; lastKnownFileType = text.xcconfig; name = "Pods-iOSDay1.debug.xcconfig"; path = "Target Support Files/Pods-iOSDay1/Pods-iOSDay1.debug.xcconfig"; sourceTree = "<group>"; };
		8E343B9F240DD8E1007A51A4 /* SecondViewController.swift */ = {isa = PBXFileReference; lastKnownFileType = sourcecode.swift; path = SecondViewController.swift; sourceTree = "<group>"; };
		8E343BA2240DEB3A007A51A4 /* gorilla.png */ = {isa = PBXFileReference; lastKnownFileType = image.png; name = gorilla.png; path = ../../../../joker_circus/gorilla.png; sourceTree = "<group>"; };
		8E343BA3240DEB3A007A51A4 /* lion.png */ = {isa = PBXFileReference; lastKnownFileType = image.png; name = lion.png; path = ../../../../joker_circus/lion.png; sourceTree = "<group>"; };
		8E343BA4240DEB3A007A51A4 /* elephant.png */ = {isa = PBXFileReference; lastKnownFileType = image.png; name = elephant.png; path = ../../../../joker_circus/elephant.png; sourceTree = "<group>"; };
		8E343BA5240DEB3A007A51A4 /* home.png */ = {isa = PBXFileReference; lastKnownFileType = image.png; name = home.png; path = ../../../../joker_circus/home.png; sourceTree = "<group>"; };
		8E343BA6240DEB3A007A51A4 /* ice cream.png */ = {isa = PBXFileReference; lastKnownFileType = image.png; name = "ice cream.png"; path = "../../../../joker_circus/ice cream.png"; sourceTree = "<group>"; };
		8E451D44240DCAF700AD278D /* GoogleService-Info.plist */ = {isa = PBXFileReference; fileEncoding = 4; lastKnownFileType = text.plist.xml; path = "GoogleService-Info.plist"; sourceTree = "<group>"; };
		8E89CDDA2409D6FE00116994 /* iOSDay1.app */ = {isa = PBXFileReference; explicitFileType = wrapper.application; includeInIndex = 0; path = iOSDay1.app; sourceTree = BUILT_PRODUCTS_DIR; };
		8E89CDDD2409D6FE00116994 /* AppDelegate.swift */ = {isa = PBXFileReference; lastKnownFileType = sourcecode.swift; path = AppDelegate.swift; sourceTree = "<group>"; };
		8E89CDDF2409D6FE00116994 /* SceneDelegate.swift */ = {isa = PBXFileReference; lastKnownFileType = sourcecode.swift; path = SceneDelegate.swift; sourceTree = "<group>"; };
		8E89CDE12409D6FE00116994 /* IntialViewController.swift */ = {isa = PBXFileReference; lastKnownFileType = sourcecode.swift; path = IntialViewController.swift; sourceTree = "<group>"; };
		8E89CDE42409D6FE00116994 /* Base */ = {isa = PBXFileReference; lastKnownFileType = file.storyboard; name = Base; path = Base.lproj/Main.storyboard; sourceTree = "<group>"; };
		8E89CDE62409D6FF00116994 /* Assets.xcassets */ = {isa = PBXFileReference; lastKnownFileType = folder.assetcatalog; path = Assets.xcassets; sourceTree = "<group>"; };
		8E89CDE92409D6FF00116994 /* Base */ = {isa = PBXFileReference; lastKnownFileType = file.storyboard; name = Base; path = Base.lproj/LaunchScreen.storyboard; sourceTree = "<group>"; };
		8E89CDEB2409D6FF00116994 /* Info.plist */ = {isa = PBXFileReference; lastKnownFileType = text.plist.xml; path = Info.plist; sourceTree = "<group>"; };
/* End PBXFileReference section */

/* Begin PBXFrameworksBuildPhase section */
		8E89CDD72409D6FE00116994 /* Frameworks */ = {
			isa = PBXFrameworksBuildPhase;
			buildActionMask = 2147483647;
			files = (
				BC50BAF3D8C7114AB5DE9BA4 /* libPods-iOSDay1.a in Frameworks */,
			);
			runOnlyForDeploymentPostprocessing = 0;
		};
/* End PBXFrameworksBuildPhase section */

/* Begin PBXGroup section */
		31EB7F65B9F8D7299CD0D3CD /* Frameworks */ = {
			isa = PBXGroup;
			children = (
				2D8D9F30413B37F487AC842F /* libPods-iOSDay1.a */,
			);
			name = Frameworks;
			sourceTree = "<group>";
		};
		7CCBD37C73662249D15A341E /* Pods */ = {
			isa = PBXGroup;
			children = (
				86B79A43E6309683855DAB16 /* Pods-iOSDay1.debug.xcconfig */,
				1D202026B8CE2346CF9F0FCE /* Pods-iOSDay1.release.xcconfig */,
			);
			path = Pods;
			sourceTree = "<group>";
		};
		8E343BA1240DEB0D007A51A4 /* Images */ = {
			isa = PBXGroup;
			children = (
				8E343BA4240DEB3A007A51A4 /* elephant.png */,
				8E343BA2240DEB3A007A51A4 /* gorilla.png */,
				8E343BA5240DEB3A007A51A4 /* home.png */,
				8E343BA6240DEB3A007A51A4 /* ice cream.png */,
				8E343BA3240DEB3A007A51A4 /* lion.png */,
			);
			path = Images;
			sourceTree = "<group>";
		};
		8E89CDD12409D6FE00116994 = {
			isa = PBXGroup;
			children = (
				8E89CDDC2409D6FE00116994 /* iOSDay1 */,
				8E89CDDB2409D6FE00116994 /* Products */,
				7CCBD37C73662249D15A341E /* Pods */,
				31EB7F65B9F8D7299CD0D3CD /* Frameworks */,
			);
			sourceTree = "<group>";
		};
		8E89CDDB2409D6FE00116994 /* Products */ = {
			isa = PBXGroup;
			children = (
				8E89CDDA2409D6FE00116994 /* iOSDay1.app */,
			);
			name = Products;
			sourceTree = "<group>";
		};
		8E89CDDC2409D6FE00116994 /* iOSDay1 */ = {
			isa = PBXGroup;
			children = (
				8E343BA1240DEB0D007A51A4 /* Images */,
				8E89CDDD2409D6FE00116994 /* AppDelegate.swift */,
				8E89CDDF2409D6FE00116994 /* SceneDelegate.swift */,
				8E89CDE12409D6FE00116994 /* IntialViewController.swift */,
				8E89CDE32409D6FE00116994 /* Main.storyboard */,
				8E343B9F240DD8E1007A51A4 /* SecondViewController.swift */,
				8E89CDE62409D6FF00116994 /* Assets.xcassets */,
				8E89CDE82409D6FF00116994 /* LaunchScreen.storyboard */,
				8E89CDEB2409D6FF00116994 /* Info.plist */,
				8E451D44240DCAF700AD278D /* GoogleService-Info.plist */,
			);
			path = iOSDay1;
			sourceTree = "<group>";
		};
/* End PBXGroup section */

/* Begin PBXNativeTarget section */
		8E89CDD92409D6FE00116994 /* iOSDay1 */ = {
			isa = PBXNativeTarget;
			buildConfigurationList = 8E89CDEE2409D6FF00116994 /* Build configuration list for PBXNativeTarget "iOSDay1" */;
			buildPhases = (
				D49827EBBAEE0FE5055651B6 /* [CP] Check Pods Manifest.lock */,
				8E89CDD62409D6FE00116994 /* Sources */,
				8E89CDD72409D6FE00116994 /* Frameworks */,
				8E89CDD82409D6FE00116994 /* Resources */,
			);
			buildRules = (
			);
			dependencies = (
			);
			name = iOSDay1;
			productName = iOSDay1;
			productReference = 8E89CDDA2409D6FE00116994 /* iOSDay1.app */;
			productType = "com.apple.product-type.application";
		};
/* End PBXNativeTarget section */

/* Begin PBXProject section */
		8E89CDD22409D6FE00116994 /* Project object */ = {
			isa = PBXProject;
			attributes = {
				LastSwiftUpdateCheck = 1130;
				LastUpgradeCheck = 1130;
				ORGANIZATIONNAME = "Swift Project";
				TargetAttributes = {
					8E89CDD92409D6FE00116994 = {
						CreatedOnToolsVersion = 11.3.1;
					};
				};
			};
			buildConfigurationList = 8E89CDD52409D6FE00116994 /* Build configuration list for PBXProject "iOSDay1" */;
			compatibilityVersion = "Xcode 9.3";
			developmentRegion = en;
			hasScannedForEncodings = 0;
			knownRegions = (
				en,
				Base,
			);
			mainGroup = 8E89CDD12409D6FE00116994;
			productRefGroup = 8E89CDDB2409D6FE00116994 /* Products */;
			projectDirPath = "";
			projectRoot = "";
			targets = (
				8E89CDD92409D6FE00116994 /* iOSDay1 */,
			);
		};
/* End PBXProject section */

/* Begin PBXResourcesBuildPhase section */
		8E89CDD82409D6FE00116994 /* Resources */ = {
			isa = PBXResourcesBuildPhase;
			buildActionMask = 2147483647;
			files = (
				8E89CDEA2409D6FF00116994 /* LaunchScreen.storyboard in Resources */,
				8E451D45240DCAF700AD278D /* GoogleService-Info.plist in Resources */,
				8E343BAB240DEB3A007A51A4 /* ice cream.png in Resources */,
				8E89CDE72409D6FF00116994 /* Assets.xcassets in Resources */,
				8E343BA7240DEB3A007A51A4 /* gorilla.png in Resources */,
				8E343BAA240DEB3A007A51A4 /* home.png in Resources */,
				8E89CDE52409D6FE00116994 /* Main.storyboard in Resources */,
				8E343BA9240DEB3A007A51A4 /* elephant.png in Resources */,
				8E343BA8240DEB3A007A51A4 /* lion.png in Resources */,
			);
			runOnlyForDeploymentPostprocessing = 0;
		};
/* End PBXResourcesBuildPhase section */

/* Begin PBXShellScriptBuildPhase section */
		D49827EBBAEE0FE5055651B6 /* [CP] Check Pods Manifest.lock */ = {
			isa = PBXShellScriptBuildPhase;
			buildActionMask = 2147483647;
			files = (
			);
			inputFileListPaths = (
			);
			inputPaths = (
				"${PODS_PODFILE_DIR_PATH}/Podfile.lock",
				"${PODS_ROOT}/Manifest.lock",
			);
			name = "[CP] Check Pods Manifest.lock";
			outputFileListPaths = (
			);
			outputPaths = (
				"$(DERIVED_FILE_DIR)/Pods-iOSDay1-checkManifestLockResult.txt",
			);
			runOnlyForDeploymentPostprocessing = 0;
			shellPath = /bin/sh;
			shellScript = "diff \"${PODS_PODFILE_DIR_PATH}/Podfile.lock\" \"${PODS_ROOT}/Manifest.lock\" > /dev/null\nif [ $? != 0 ] ; then\n    # print error to STDERR\n    echo \"error: The sandbox is not in sync with the Podfile.lock. Run 'pod install' or update your CocoaPods installation.\" >&2\n    exit 1\nfi\n# This output is used by Xcode 'outputs' to avoid re-running this script phase.\necho \"SUCCESS\" > \"${SCRIPT_OUTPUT_FILE_0}\"\n";
			showEnvVarsInLog = 0;
		};
/* End PBXShellScriptBuildPhase section */

/* Begin PBXSourcesBuildPhase section */
		8E89CDD62409D6FE00116994 /* Sources */ = {
			isa = PBXSourcesBuildPhase;
			buildActionMask = 2147483647;
			files = (
				8E343BA0240DD8E1007A51A4 /* SecondViewController.swift in Sources */,
				8E89CDE22409D6FE00116994 /* IntialViewController.swift in Sources */,
				8E89CDDE2409D6FE00116994 /* AppDelegate.swift in Sources */,
				8E89CDE02409D6FE00116994 /* SceneDelegate.swift in Sources */,
			);
			runOnlyForDeploymentPostprocessing = 0;
		};
/* End PBXSourcesBuildPhase section */

/* Begin PBXVariantGroup section */
		8E89CDE32409D6FE00116994 /* Main.storyboard */ = {
			isa = PBXVariantGroup;
			children = (
				8E89CDE42409D6FE00116994 /* Base */,
			);
			name = Main.storyboard;
			sourceTree = "<group>";
		};
		8E89CDE82409D6FF00116994 /* LaunchScreen.storyboard */ = {
			isa = PBXVariantGroup;
			children = (
				8E89CDE92409D6FF00116994 /* Base */,
			);
			name = LaunchScreen.storyboard;
			sourceTree = "<group>";
		};
/* End PBXVariantGroup section */

/* Begin XCBuildConfiguration section */
		8E89CDEC2409D6FF00116994 /* Debug */ = {
			isa = XCBuildConfiguration;
			buildSettings = {
				ALWAYS_SEARCH_USER_PATHS = NO;
				CLANG_ANALYZER_NONNULL = YES;
				CLANG_ANALYZER_NUMBER_OBJECT_CONVERSION = YES_AGGRESSIVE;
				CLANG_CXX_LANGUAGE_STANDARD = "gnu++14";
				CLANG_CXX_LIBRARY = "libc++";
				CLANG_ENABLE_MODULES = YES;
				CLANG_ENABLE_OBJC_ARC = YES;
				CLANG_ENABLE_OBJC_WEAK = YES;
				CLANG_WARN_BLOCK_CAPTURE_AUTORELEASING = YES;
				CLANG_WARN_BOOL_CONVERSION = YES;
				CLANG_WARN_COMMA = YES;
				CLANG_WARN_CONSTANT_CONVERSION = YES;
				CLANG_WARN_DEPRECATED_OBJC_IMPLEMENTATIONS = YES;
				CLANG_WARN_DIRECT_OBJC_ISA_USAGE = YES_ERROR;
				CLANG_WARN_DOCUMENTATION_COMMENTS = YES;
				CLANG_WARN_EMPTY_BODY = YES;
				CLANG_WARN_ENUM_CONVERSION = YES;
				CLANG_WARN_INFINITE_RECURSION = YES;
				CLANG_WARN_INT_CONVERSION = YES;
				CLANG_WARN_NON_LITERAL_NULL_CONVERSION = YES;
				CLANG_WARN_OBJC_IMPLICIT_RETAIN_SELF = YES;
				CLANG_WARN_OBJC_LITERAL_CONVERSION = YES;
				CLANG_WARN_OBJC_ROOT_CLASS = YES_ERROR;
				CLANG_WARN_RANGE_LOOP_ANALYSIS = YES;
				CLANG_WARN_STRICT_PROTOTYPES = YES;
				CLANG_WARN_SUSPICIOUS_MOVE = YES;
				CLANG_WARN_UNGUARDED_AVAILABILITY = YES_AGGRESSIVE;
				CLANG_WARN_UNREACHABLE_CODE = YES;
				CLANG_WARN__DUPLICATE_METHOD_MATCH = YES;
				COPY_PHASE_STRIP = NO;
				DEBUG_INFORMATION_FORMAT = dwarf;
				ENABLE_STRICT_OBJC_MSGSEND = YES;
				ENABLE_TESTABILITY = YES;
				GCC_C_LANGUAGE_STANDARD = gnu11;
				GCC_DYNAMIC_NO_PIC = NO;
				GCC_NO_COMMON_BLOCKS = YES;
				GCC_OPTIMIZATION_LEVEL = 0;
				GCC_PREPROCESSOR_DEFINITIONS = (
					"DEBUG=1",
					"$(inherited)",
				);
				GCC_WARN_64_TO_32_BIT_CONVERSION = YES;
				GCC_WARN_ABOUT_RETURN_TYPE = YES_ERROR;
				GCC_WARN_UNDECLARED_SELECTOR = YES;
				GCC_WARN_UNINITIALIZED_AUTOS = YES_AGGRESSIVE;
				GCC_WARN_UNUSED_FUNCTION = YES;
				GCC_WARN_UNUSED_VARIABLE = YES;
				IPHONEOS_DEPLOYMENT_TARGET = 13.2;
				MTL_ENABLE_DEBUG_INFO = INCLUDE_SOURCE;
				MTL_FAST_MATH = YES;
				ONLY_ACTIVE_ARCH = YES;
				SDKROOT = iphoneos;
				SWIFT_ACTIVE_COMPILATION_CONDITIONS = DEBUG;
				SWIFT_OPTIMIZATION_LEVEL = "-Onone";
			};
			name = Debug;
		};
		8E89CDED2409D6FF00116994 /* Release */ = {
			isa = XCBuildConfiguration;
			buildSettings = {
				ALWAYS_SEARCH_USER_PATHS = NO;
				CLANG_ANALYZER_NONNULL = YES;
				CLANG_ANALYZER_NUMBER_OBJECT_CONVERSION = YES_AGGRESSIVE;
				CLANG_CXX_LANGUAGE_STANDARD = "gnu++14";
				CLANG_CXX_LIBRARY = "libc++";
				CLANG_ENABLE_MODULES = YES;
				CLANG_ENABLE_OBJC_ARC = YES;
				CLANG_ENABLE_OBJC_WEAK = YES;
				CLANG_WARN_BLOCK_CAPTURE_AUTORELEASING = YES;
				CLANG_WARN_BOOL_CONVERSION = YES;
				CLANG_WARN_COMMA = YES;
				CLANG_WARN_CONSTANT_CONVERSION = YES;
				CLANG_WARN_DEPRECATED_OBJC_IMPLEMENTATIONS = YES;
				CLANG_WARN_DIRECT_OBJC_ISA_USAGE = YES_ERROR;
				CLANG_WARN_DOCUMENTATION_COMMENTS = YES;
				CLANG_WARN_EMPTY_BODY = YES;
				CLANG_WARN_ENUM_CONVERSION = YES;
				CLANG_WARN_INFINITE_RECURSION = YES;
				CLANG_WARN_INT_CONVERSION = YES;
				CLANG_WARN_NON_LITERAL_NULL_CONVERSION = YES;
				CLANG_WARN_OBJC_IMPLICIT_RETAIN_SELF = YES;
				CLANG_WARN_OBJC_LITERAL_CONVERSION = YES;
				CLANG_WARN_OBJC_ROOT_CLASS = YES_ERROR;
				CLANG_WARN_RANGE_LOOP_ANALYSIS = YES;
				CLANG_WARN_STRICT_PROTOTYPES = YES;
				CLANG_WARN_SUSPICIOUS_MOVE = YES;
				CLANG_WARN_UNGUARDED_AVAILABILITY = YES_AGGRESSIVE;
				CLANG_WARN_UNREACHABLE_CODE = YES;
				CLANG_WARN__DUPLICATE_METHOD_MATCH = YES;
				COPY_PHASE_STRIP = NO;
				DEBUG_INFORMATION_FORMAT = "dwarf-with-dsym";
				ENABLE_NS_ASSERTIONS = NO;
				ENABLE_STRICT_OBJC_MSGSEND = YES;
				GCC_C_LANGUAGE_STANDARD = gnu11;
				GCC_NO_COMMON_BLOCKS = YES;
				GCC_WARN_64_TO_32_BIT_CONVERSION = YES;
				GCC_WARN_ABOUT_RETURN_TYPE = YES_ERROR;
				GCC_WARN_UNDECLARED_SELECTOR = YES;
				GCC_WARN_UNINITIALIZED_AUTOS = YES_AGGRESSIVE;
				GCC_WARN_UNUSED_FUNCTION = YES;
				GCC_WARN_UNUSED_VARIABLE = YES;
				IPHONEOS_DEPLOYMENT_TARGET = 13.2;
				MTL_ENABLE_DEBUG_INFO = NO;
				MTL_FAST_MATH = YES;
				SDKROOT = iphoneos;
				SWIFT_COMPILATION_MODE = wholemodule;
				SWIFT_OPTIMIZATION_LEVEL = "-O";
				VALIDATE_PRODUCT = YES;
			};
			name = Release;
		};
		8E89CDEF2409D6FF00116994 /* Debug */ = {
			isa = XCBuildConfiguration;
			baseConfigurationReference = 86B79A43E6309683855DAB16 /* Pods-iOSDay1.debug.xcconfig */;
			buildSettings = {
				ASSETCATALOG_COMPILER_APPICON_NAME = AppIcon;
				CODE_SIGN_STYLE = Automatic;
				INFOPLIST_FILE = iOSDay1/Info.plist;
				LD_RUNPATH_SEARCH_PATHS = (
					"$(inherited)",
					"@executable_path/Frameworks",
				);
				PRODUCT_BUNDLE_IDENTIFIER = com.lambton.iOSLogin;
				PRODUCT_NAME = "$(TARGET_NAME)";
				SWIFT_VERSION = 5.0;
				TARGETED_DEVICE_FAMILY = "1,2";
			};
			name = Debug;
		};
		8E89CDF02409D6FF00116994 /* Release */ = {
			isa = XCBuildConfiguration;
			baseConfigurationReference = 1D202026B8CE2346CF9F0FCE /* Pods-iOSDay1.release.xcconfig */;
			buildSettings = {
				ASSETCATALOG_COMPILER_APPICON_NAME = AppIcon;
				CODE_SIGN_STYLE = Automatic;
				INFOPLIST_FILE = iOSDay1/Info.plist;
				LD_RUNPATH_SEARCH_PATHS = (
					"$(inherited)",
					"@executable_path/Frameworks",
				);
				PRODUCT_BUNDLE_IDENTIFIER = com.lambton.iOSLogin;
				PRODUCT_NAME = "$(TARGET_NAME)";
				SWIFT_VERSION = 5.0;
				TARGETED_DEVICE_FAMILY = "1,2";
			};
			name = Release;
		};
/* End XCBuildConfiguration section */

/* Begin XCConfigurationList section */
		8E89CDD52409D6FE00116994 /* Build configuration list for PBXProject "iOSDay1" */ = {
			isa = XCConfigurationList;
			buildConfigurations = (
				8E89CDEC2409D6FF00116994 /* Debug */,
				8E89CDED2409D6FF00116994 /* Release */,
			);
			defaultConfigurationIsVisible = 0;
			defaultConfigurationName = Release;
		};
		8E89CDEE2409D6FF00116994 /* Build configuration list for PBXNativeTarget "iOSDay1" */ = {
			isa = XCConfigurationList;
			buildConfigurations = (
				8E89CDEF2409D6FF00116994 /* Debug */,
				8E89CDF02409D6FF00116994 /* Release */,
			);
			defaultConfigurationIsVisible = 0;
			defaultConfigurationName = Release;
		};
/* End XCConfigurationList section */
	};
	rootObject = 8E89CDD22409D6FE00116994 /* Project object */;
}
